using System;
using System.Collections.Generic;
using System.Linq;
using System.Text;
using System.Threading.Tasks;

namespace SR03
{
    internal class Program
    {
        static void Main(string[] args)
        {
            //Print your Day1 Experience at Techtorium with WriteLine() statement
            Console.WriteLine("");
            // When
            Console.WriteLine("DAY1 : ");
            //Experience Statement
            Console.WriteLine("       In My first day at Techtorium I have met Beerinder, and Suede");
            Console.ReadLine();
        }
    }
}
