using System; 
using System.Collections.Generic;
using System.Linq;
using System.Text;
using System.Threading.Tasks;

namespace SR04
{
    internal class Program
    {
        static void Main(string[] args)
            //Use WriteLine Statement to Rate Yourself from 1-10
            // for Confidence, Creativity, Resilience, Positivity,
            // and Love for Programming
        {
            //blank statement for Space
            Console.WriteLine("");
            //My Ratings Statements
            Console.WriteLine(" My Ratings (1-10)");
            Console.WriteLine("");
            Console.WriteLine("      1. Confidence              = ( 9)");
            Console.WriteLine("      2. Creativity              = (10)");
            Console.WriteLine("      3. Resilience              = (10)");
            Console.WriteLine("      4. Positivity              = ( 9)");
            Console.WriteLine("      5. Hardworking             = ( 9)");
            Console.WriteLine("      6. Love for Programming    = ( 9)");
            //Clear extra texts
            Console.ReadKey();
        }
    }
}
