// Main Method
// Reference Data type
using System;
using System.Collections.Generic;
using System.Linq;
using System.Text;
using System.Threading.Tasks;

//Project name is SR05
namespace SR05._0
{
    internal class Program
    {
        // Main method/Function
        static void Main(string[] args)
        {
        //Create a program to gather information//

          //Student Details 
            //Data Input and string Variables for each//
            Console.WriteLine("What is Your Name?");
            String myname = Console.ReadLine();
            Console.WriteLine("What is Your High School?");
            String HighSchool = Console.ReadLine();
            Console.WriteLine("What is Your Techtorium ID?");
            String Id = Console.ReadLine();
            Console.WriteLine("What is Your Trainer Name?");
            String Trainer = Console.ReadLine();
            Console.WriteLine("What is Your Contact Number?");
            String Contact = Console.ReadLine();
            Console.WriteLine("What is Your Hobby?");
            String Hobby = Console.ReadLine();
            //Data Output for all Variables Iputs//
            Console.WriteLine();
            Console.WriteLine("Student Details: ");
            Console.WriteLine();
            Console.WriteLine("My name is : " + myname);
            Console.WriteLine("My HigSchool is : " + HighSchool);
            Console.WriteLine("My Student ID is : " + Id);
            Console.WriteLine("My Trainer is : " + Trainer);
            Console.WriteLine("My Constact number is : " + Contact);
            Console.WriteLine("My Hobby is : " + Hobby);
            Console.ReadLine();
        }
    }
}
