using System;
using System.Collections.Generic;
using System.Linq;
using System.Text;
using System.Threading.Tasks;

namespace SR06
{
    //Main function/ Method
    internal class Program
    {
        static void Main(string[] args)

        {
         //Develop a code to check person
         //sitting next to you is elder than you or not
            //int variable for Age
            int Godwin = 19;
            int Jake = 20;
            //boolean data type 
            if (Godwin > Jake) 
            {
                Console.WriteLine();
                Console.WriteLine("Im Elder");
            }
            else
            {
                Console.WriteLine();
                Console.WriteLine("Im Younger");
            }
            //Clears any text
            Console.ReadKey();
                
        }

    }
}
