
Microsoft Visual Studio Solution File, Format Version 12.00
# Visual Studio Version 17
VisualStudioVersion = 17.0.32126.317
MinimumVisualStudioVersion = 10.0.40219.1
Project("{FAE04EC0-301F-11D3-BF4B-00C04F79EFBC}") = "SR06", "SR06\SR06.csproj", "{F23D7AFD-F64E-480C-91A1-E451698F0869}"
EndProject
Global
	GlobalSection(SolutionConfigurationPlatforms) = preSolution
		Debug|Any CPU = Debug|Any CPU
		Release|Any CPU = Release|Any CPU
	EndGlobalSection
	GlobalSection(ProjectConfigurationPlatforms) = postSolution
		{F23D7AFD-F64E-480C-91A1-E451698F0869}.Debug|Any CPU.ActiveCfg = Debug|Any CPU
		{F23D7AFD-F64E-480C-91A1-E451698F0869}.Debug|Any CPU.Build.0 = Debug|Any CPU
		{F23D7AFD-F64E-480C-91A1-E451698F0869}.Release|Any CPU.ActiveCfg = Release|Any CPU
		{F23D7AFD-F64E-480C-91A1-E451698F0869}.Release|Any CPU.Build.0 = Release|Any CPU
	EndGlobalSection
	GlobalSection(SolutionProperties) = preSolution
		HideSolutionNode = FALSE
	EndGlobalSection
	GlobalSection(ExtensibilityGlobals) = postSolution
		SolutionGuid = {35F78AEC-E604-4983-80FA-394A26CA76C2}
	EndGlobalSection
EndGlobal
