using System;
using System.Collections.Generic;
using System.Linq;
using System.Text;
using System.Threading.Tasks;

namespace SR07
{
    internal class Program
    {
        static void Main(string[] args)
        {
            {
            //Develop a code to whether the person is eligible
            //for voting or not

                //  Int variable for input data
                Console.WriteLine("How old are you?");
                int Myname = Convert.ToInt32(Console.ReadLine()) ;
                //Boolean Data type for Eligibility
                if (Myname > 17)
                {
                    Console.WriteLine("You are eligible to vote");
                }
                else
                {
                    Console.WriteLine("You are not eligible to vote");
                }
                //Clears any text
                Console.ReadKey();
            }
        }
    }
}

