using System;
using System.Collections.Generic;
using System.Linq;
using System.Text;
using System.Threading.Tasks;

namespace SR11
{
    internal class Program
    {
        static void Main(string[] args)
        {
        // Develop a code to generate the grades of students based on marks they have scored

            // Data Input statemnts with a string and a integer variable value
            Console.WriteLine("Enter Name : ");
            string n = Console.ReadLine();
            Console.WriteLine("Mark Score (1-100)");
            // Integer Input value Boolean Function if student Pass or Fail
            int s = Convert.ToInt32(Console.ReadLine());
            {
                //Integer value represent grade input
                int grade = s;
                Console.WriteLine();
                //Boolean if/ else Statement
                if (s > 75)
                //String Statement with a Name string and a Score Integer value
                Console.WriteLine("The Student: " + n + " With a Marking Score of :" + "(" + s + ")" + " is a PASS");
                else
                //String Statement with a Name string and a Score Integer value
                    Console.WriteLine("The Student: " + n + " With a Marking Score of :" + "(" + s + ")" + " is a FAIL");
                Console.ReadLine();
            }

        }
    }
}
