using System;
using System.Collections.Generic;
using System.Linq;
using System.Text;
using System.Threading.Tasks;

namespace SR12
{
    internal class Program
    {
        static void Main(string[] args)
        {
            double num1 = 0; double num2 = 0;
         // Build a calculator by using conditional and Switch statement
         // verbatim string literal to String statement

            // String Statement application design that is made into a verbatim string literal 
            Console.WriteLine(@"      /       |      \ /       -+-------------------+-      /       |     \ / ");
            Console.WriteLine(@"   0 / 0   ---|---    \        Welcome to a Calculator   0 / 0   ---|---   \  ");
            Console.WriteLine(@"    /         |      / \       -+-------------------+-    /         |     / \ ");
            // add space
            Console.WriteLine("");      
            // Input variable Converted to a double type object 
            Console.WriteLine("Type First number");
            num1 = Convert.ToDouble(Console.ReadLine());
            Console.WriteLine("Type Second number");
            num2 = Convert.ToDouble(Console.ReadLine());
            // Opeation to Choose, a tab is added for each options
            Console.WriteLine("Choose an opeation:");
            Console.WriteLine("\ta - Add");
            Console.WriteLine("\ts - Subtract");
            Console.WriteLine("\tm - Multiply");
            Console.WriteLine("\td - Divide");
            Console.WriteLine("\tr - Reminder");

            // Switch statement for all operation types
            switch (Console.ReadLine())
            {
                //each string statements with a string literal with a Integer Variable
                //Performs Arithmetic different operations
                case "a":
                    Console.WriteLine($"Your result: {num1} + {num2} = " + (num1 + num2));
                    break;
                case "s":
                    Console.WriteLine($"Your result: {num1} - {num2} = " + (num1 - num2));
                    break;
                case "m":
                    Console.WriteLine($"Your result: {num1} * {num2} = " + (num1 * num2));
                    break;
                case "d":

                    Console.WriteLine($"Your result: {num1} / {num2} = " + (num1 / num2));
                    
                    break;
                case "r":
                    Console.WriteLine($"Your result: {num1} % {num2} = " + (num1 % num2));
                    break;
            }
            //cler extra text
            Console.ReadLine();
        }        
    }
}

