using System;
using System.Collections.Generic;
using System.Linq;
using System.Text;
using System.Threading.Tasks;

namespace SR13
{
    internal class Program
    {
        static void Main(string[] args)
        {
        // Develop a code to add the digits of a number

            // String statements with an Integer Variable for each
            Console.WriteLine("Enter First Number");
            int f = Convert.ToInt32(Console.ReadLine());
            Console.WriteLine("Enter Second Number");
            int s = Convert.ToInt32(Console.ReadLine());

            // String statemnt with string literal that
            // displays 2 Integer variable together
            Console.WriteLine($"{ f }{ s } ");
            // Clears extra texts
            Console.ReadKey();
        }    
    }
}
